
Microsoft Visual Studio Solution File, Format Version 12.00
# Visual Studio Version 17
VisualStudioVersion = 17.1.32328.378
MinimumVisualStudioVersion = 10.0.40219.1
Project("{FAE04EC0-301F-11D3-BF4B-00C04F79EFBC}") = "CodeFirstApproach", "CodeFirstApproach\CodeFirstApproach.csproj", "{59855CE6-97E0-4067-81F7-E9446D22B7FA}"
EndProject
Global
	GlobalSection(SolutionConfigurationPlatforms) = preSolution
		Debug|Any CPU = Debug|Any CPU
		Release|Any CPU = Release|Any CPU
	EndGlobalSection
	GlobalSection(ProjectConfigurationPlatforms) = postSolution
		{59855CE6-97E0-4067-81F7-E9446D22B7FA}.Debug|Any CPU.ActiveCfg = Debug|Any CPU
		{59855CE6-97E0-4067-81F7-E9446D22B7FA}.Debug|Any CPU.Build.0 = Debug|Any CPU
		{59855CE6-97E0-4067-81F7-E9446D22B7FA}.Release|Any CPU.ActiveCfg = Release|Any CPU
		{59855CE6-97E0-4067-81F7-E9446D22B7FA}.Release|Any CPU.Build.0 = Release|Any CPU
	EndGlobalSection
	GlobalSection(SolutionProperties) = preSolution
		HideSolutionNode = FALSE
	EndGlobalSection
	GlobalSection(ExtensibilityGlobals) = postSolution
		SolutionGuid = {6C2230D3-BF2A-4569-96C5-3B8D7AAF6679}
	EndGlobalSection
EndGlobal
